
Microsoft Visual Studio Solution File, Format Version 12.00
# Visual Studio Version 17
VisualStudioVersion = 17.10.34916.146
MinimumVisualStudioVersion = 10.0.40219.1
Project("{9A19103F-16F7-4668-BE54-9A1E7A4F7556}") = "CerealAPI", "CerealAPI\CerealAPI.csproj", "{6D461F81-DFEA-4F80-B274-DF3F25779631}"
EndProject
Project("{FAE04EC0-301F-11D3-BF4B-00C04F79EFBC}") = "CerealAPITests", "CerealAPITests\CerealAPITests.csproj", "{E12609AB-832F-451F-9AF9-A69696FFFCDB}"
EndProject
Global
	GlobalSection(SolutionConfigurationPlatforms) = preSolution
		Debug|Any CPU = Debug|Any CPU
		Release|Any CPU = Release|Any CPU
	EndGlobalSection
	GlobalSection(ProjectConfigurationPlatforms) = postSolution
		{6D461F81-DFEA-4F80-B274-DF3F25779631}.Debug|Any CPU.ActiveCfg = Debug|Any CPU
		{6D461F81-DFEA-4F80-B274-DF3F25779631}.Debug|Any CPU.Build.0 = Debug|Any CPU
		{6D461F81-DFEA-4F80-B274-DF3F25779631}.Release|Any CPU.ActiveCfg = Release|Any CPU
		{6D461F81-DFEA-4F80-B274-DF3F25779631}.Release|Any CPU.Build.0 = Release|Any CPU
		{E12609AB-832F-451F-9AF9-A69696FFFCDB}.Debug|Any CPU.ActiveCfg = Debug|Any CPU
		{E12609AB-832F-451F-9AF9-A69696FFFCDB}.Debug|Any CPU.Build.0 = Debug|Any CPU
		{E12609AB-832F-451F-9AF9-A69696FFFCDB}.Release|Any CPU.ActiveCfg = Release|Any CPU
		{E12609AB-832F-451F-9AF9-A69696FFFCDB}.Release|Any CPU.Build.0 = Release|Any CPU
	EndGlobalSection
	GlobalSection(SolutionProperties) = preSolution
		HideSolutionNode = FALSE
	EndGlobalSection
	GlobalSection(ExtensibilityGlobals) = postSolution
		SolutionGuid = {19EA690A-E8D3-44EE-8995-8B8290CA7E84}
	EndGlobalSection
EndGlobal
